
Microsoft Visual Studio Solution File, Format Version 12.00
# Visual Studio Version 17
VisualStudioVersion = 17.7.34031.279
MinimumVisualStudioVersion = 10.0.40219.1
Project("{FAE04EC0-301F-11D3-BF4B-00C04F79EFBC}") = "Web.API", "Web.API\Web.API.csproj", "{BE43D48A-9DAF-4D72-ACF2-807340F15CA6}"
EndProject
Project("{FAE04EC0-301F-11D3-BF4B-00C04F79EFBC}") = "Persistence", "Persistence\Persistence.csproj", "{B8D72721-B00F-4088-8439-4F2D9BE9F94E}"
EndProject
Project("{FAE04EC0-301F-11D3-BF4B-00C04F79EFBC}") = "Domain", "Domain\Domain.csproj", "{FFBDB4DB-FF81-497F-94BB-6876BBF5C72F}"
EndProject
Global
	GlobalSection(SolutionConfigurationPlatforms) = preSolution
		Debug|Any CPU = Debug|Any CPU
		Release|Any CPU = Release|Any CPU
	EndGlobalSection
	GlobalSection(ProjectConfigurationPlatforms) = postSolution
		{BE43D48A-9DAF-4D72-ACF2-807340F15CA6}.Debug|Any CPU.ActiveCfg = Debug|Any CPU
		{BE43D48A-9DAF-4D72-ACF2-807340F15CA6}.Debug|Any CPU.Build.0 = Debug|Any CPU
		{BE43D48A-9DAF-4D72-ACF2-807340F15CA6}.Release|Any CPU.ActiveCfg = Release|Any CPU
		{BE43D48A-9DAF-4D72-ACF2-807340F15CA6}.Release|Any CPU.Build.0 = Release|Any CPU
		{B8D72721-B00F-4088-8439-4F2D9BE9F94E}.Debug|Any CPU.ActiveCfg = Debug|Any CPU
		{B8D72721-B00F-4088-8439-4F2D9BE9F94E}.Debug|Any CPU.Build.0 = Debug|Any CPU
		{B8D72721-B00F-4088-8439-4F2D9BE9F94E}.Release|Any CPU.ActiveCfg = Release|Any CPU
		{B8D72721-B00F-4088-8439-4F2D9BE9F94E}.Release|Any CPU.Build.0 = Release|Any CPU
		{FFBDB4DB-FF81-497F-94BB-6876BBF5C72F}.Debug|Any CPU.ActiveCfg = Debug|Any CPU
		{FFBDB4DB-FF81-497F-94BB-6876BBF5C72F}.Debug|Any CPU.Build.0 = Debug|Any CPU
		{FFBDB4DB-FF81-497F-94BB-6876BBF5C72F}.Release|Any CPU.ActiveCfg = Release|Any CPU
		{FFBDB4DB-FF81-497F-94BB-6876BBF5C72F}.Release|Any CPU.Build.0 = Release|Any CPU
	EndGlobalSection
	GlobalSection(SolutionProperties) = preSolution
		HideSolutionNode = FALSE
	EndGlobalSection
	GlobalSection(ExtensibilityGlobals) = postSolution
		SolutionGuid = {DFCF5D72-EE31-4818-A6F3-668344D9259E}
	EndGlobalSection
EndGlobal
